
Microsoft Visual Studio Solution File, Format Version 12.00
# Visual Studio Version 17
VisualStudioVersion = 17.14.37203.1
MinimumVisualStudioVersion = 10.0.40219.1
Project("{9A19103F-16F7-4668-BE54-9A1E7A4F7556}") = "PerkinElmerSP2CSV", "PerkinElmerSP2CSV\PerkinElmerSP2CSV.csproj", "{996106C6-F589-4EDD-A232-9CE816F65AD5}"
EndProject
Project("{2150E333-8FDC-42A3-9474-1A3956D46DE8}") = "Solution Items", "Solution Items", "{8EC462FD-D22E-90A8-E5CE-7E832BA40C5D}"
	ProjectSection(SolutionItems) = preProject
		README.md = README.md
	EndProjectSection
EndProject
Project("{FAE04EC0-301F-11D3-BF4B-00C04F79EFBC}") = "At.Matus.IO.PerkinElmerSP.Reader", "At.Matus.IO.PerkinElmerSP.Reader\At.Matus.IO.PerkinElmerSP.Reader.csproj", "{F70BF0B0-896C-44FB-98CA-FEDDF7BB1C32}"
EndProject
Project("{FAE04EC0-301F-11D3-BF4B-00C04F79EFBC}") = "Sp2Csv", "Sp2Csv\Sp2Csv.csproj", "{5DBCFFF1-C843-4326-AEF8-E3661C105DA4}"
EndProject
Global
	GlobalSection(SolutionConfigurationPlatforms) = preSolution
		Debug|Any CPU = Debug|Any CPU
		Release|Any CPU = Release|Any CPU
	EndGlobalSection
	GlobalSection(ProjectConfigurationPlatforms) = postSolution
		{996106C6-F589-4EDD-A232-9CE816F65AD5}.Debug|Any CPU.ActiveCfg = Debug|Any CPU
		{996106C6-F589-4EDD-A232-9CE816F65AD5}.Debug|Any CPU.Build.0 = Debug|Any CPU
		{996106C6-F589-4EDD-A232-9CE816F65AD5}.Release|Any CPU.ActiveCfg = Release|Any CPU
		{996106C6-F589-4EDD-A232-9CE816F65AD5}.Release|Any CPU.Build.0 = Release|Any CPU
		{F70BF0B0-896C-44FB-98CA-FEDDF7BB1C32}.Debug|Any CPU.ActiveCfg = Debug|Any CPU
		{F70BF0B0-896C-44FB-98CA-FEDDF7BB1C32}.Debug|Any CPU.Build.0 = Debug|Any CPU
		{F70BF0B0-896C-44FB-98CA-FEDDF7BB1C32}.Release|Any CPU.ActiveCfg = Release|Any CPU
		{F70BF0B0-896C-44FB-98CA-FEDDF7BB1C32}.Release|Any CPU.Build.0 = Release|Any CPU
		{5DBCFFF1-C843-4326-AEF8-E3661C105DA4}.Debug|Any CPU.ActiveCfg = Debug|Any CPU
		{5DBCFFF1-C843-4326-AEF8-E3661C105DA4}.Debug|Any CPU.Build.0 = Debug|Any CPU
		{5DBCFFF1-C843-4326-AEF8-E3661C105DA4}.Release|Any CPU.ActiveCfg = Release|Any CPU
		{5DBCFFF1-C843-4326-AEF8-E3661C105DA4}.Release|Any CPU.Build.0 = Release|Any CPU
	EndGlobalSection
	GlobalSection(SolutionProperties) = preSolution
		HideSolutionNode = FALSE
	EndGlobalSection
	GlobalSection(ExtensibilityGlobals) = postSolution
		SolutionGuid = {8F8492B5-1D4D-45AB-93FF-06F2EE159B98}
	EndGlobalSection
EndGlobal
